
Microsoft Visual Studio Solution File, Format Version 11.00
# Visual Studio 2010
Project("{FAE04EC0-301F-11D3-BF4B-00C04F79EFBC}") = "Kumquat", "Assembly-CSharp.csproj", "{05B555AD-9DD0-F851-7F34-103B061E3817}"
EndProject
Global
	GlobalSection(SolutionConfigurationPlatforms) = preSolution
		Debug|Any CPU = Debug|Any CPU
		Release|Any CPU = Release|Any CPU
	EndGlobalSection
	GlobalSection(ProjectConfigurationPlatforms) = postSolution
		{05B555AD-9DD0-F851-7F34-103B061E3817}.Debug|Any CPU.ActiveCfg = Debug|Any CPU
		{05B555AD-9DD0-F851-7F34-103B061E3817}.Debug|Any CPU.Build.0 = Debug|Any CPU
		{05B555AD-9DD0-F851-7F34-103B061E3817}.Release|Any CPU.ActiveCfg = Release|Any CPU
		{05B555AD-9DD0-F851-7F34-103B061E3817}.Release|Any CPU.Build.0 = Release|Any CPU
	EndGlobalSection
	GlobalSection(SolutionProperties) = preSolution
		HideSolutionNode = FALSE
	EndGlobalSection
	GlobalSection(MonoDevelopProperties) = preSolution
		StartupItem = Assembly-CSharp.csproj
	EndGlobalSection
EndGlobal
